
Microsoft Visual Studio Solution File, Format Version 12.00
# Visual Studio Version 17
VisualStudioVersion = 17.5.33502.453
MinimumVisualStudioVersion = 10.0.40219.1
Project("{FAE04EC0-301F-11D3-BF4B-00C04F79EFBC}") = "Sistema_Venta_y_Renta_Peliculas", "Sistema_Venta_y_Renta_Peliculas.csproj", "{FC1FCDB6-415F-48E1-983D-B8F86E1E7C3B}"
EndProject
Global
	GlobalSection(SolutionConfigurationPlatforms) = preSolution
		Debug|Any CPU = Debug|Any CPU
		Release|Any CPU = Release|Any CPU
	EndGlobalSection
	GlobalSection(ProjectConfigurationPlatforms) = postSolution
		{FC1FCDB6-415F-48E1-983D-B8F86E1E7C3B}.Debug|Any CPU.ActiveCfg = Debug|Any CPU
		{FC1FCDB6-415F-48E1-983D-B8F86E1E7C3B}.Debug|Any CPU.Build.0 = Debug|Any CPU
		{FC1FCDB6-415F-48E1-983D-B8F86E1E7C3B}.Release|Any CPU.ActiveCfg = Release|Any CPU
		{FC1FCDB6-415F-48E1-983D-B8F86E1E7C3B}.Release|Any CPU.Build.0 = Release|Any CPU
	EndGlobalSection
	GlobalSection(SolutionProperties) = preSolution
		HideSolutionNode = FALSE
	EndGlobalSection
	GlobalSection(ExtensibilityGlobals) = postSolution
		SolutionGuid = {5B6F2EF6-863E-4EFD-BE41-E668EFB0C0F6}
	EndGlobalSection
EndGlobal
